
Microsoft Visual Studio Solution File, Format Version 12.00
# Visual Studio 2012
Project("{8BC9CEB8-8B4A-11D0-8D11-00A0C91BC942}") = "2017134025LJT", "2017134025LJT\2017134025LJT.vcxproj", "{239115BE-D05A-43DA-8BAA-C54AAF0E5427}"
EndProject
Global
	GlobalSection(SolutionConfigurationPlatforms) = preSolution
		Debug|Win32 = Debug|Win32
		Release|Win32 = Release|Win32
	EndGlobalSection
	GlobalSection(ProjectConfigurationPlatforms) = postSolution
		{239115BE-D05A-43DA-8BAA-C54AAF0E5427}.Debug|Win32.ActiveCfg = Debug|Win32
		{239115BE-D05A-43DA-8BAA-C54AAF0E5427}.Debug|Win32.Build.0 = Debug|Win32
		{239115BE-D05A-43DA-8BAA-C54AAF0E5427}.Release|Win32.ActiveCfg = Release|Win32
		{239115BE-D05A-43DA-8BAA-C54AAF0E5427}.Release|Win32.Build.0 = Release|Win32
	EndGlobalSection
	GlobalSection(SolutionProperties) = preSolution
		HideSolutionNode = FALSE
	EndGlobalSection
EndGlobal
